<Solution>
  <Folder Name="/src/">
    <Project Path="src/Kartly.Api/Kartly.Api.csproj" />
    <Project Path="src/Kartly.Application/Kartly.Application.csproj" />
    <Project Path="src/Kartly.Infrastructure/Kartly.Infrastructure.csproj" />
  </Folder>
  <Folder Name="/tests/">
    <Project Path="tests/Kartly.IntegrationTests/Kartly.IntegrationTests.csproj" />
  </Folder>
</Solution>
